
Microsoft Visual Studio Solution File, Format Version 12.00
# Visual Studio Version 16
VisualStudioVersion = 16.0.31321.278
MinimumVisualStudioVersion = 10.0.40219.1
Project("{FAE04EC0-301F-11D3-BF4B-00C04F79EFBC}") = "LINQ", "LINQ\LINQ.csproj", "{2E348430-33B4-465A-8D70-0413C4F044DF}"
EndProject
Global
	GlobalSection(SolutionConfigurationPlatforms) = preSolution
		Debug|Any CPU = Debug|Any CPU
		Release|Any CPU = Release|Any CPU
	EndGlobalSection
	GlobalSection(ProjectConfigurationPlatforms) = postSolution
		{2E348430-33B4-465A-8D70-0413C4F044DF}.Debug|Any CPU.ActiveCfg = Debug|Any CPU
		{2E348430-33B4-465A-8D70-0413C4F044DF}.Debug|Any CPU.Build.0 = Debug|Any CPU
		{2E348430-33B4-465A-8D70-0413C4F044DF}.Release|Any CPU.ActiveCfg = Release|Any CPU
		{2E348430-33B4-465A-8D70-0413C4F044DF}.Release|Any CPU.Build.0 = Release|Any CPU
	EndGlobalSection
	GlobalSection(SolutionProperties) = preSolution
		HideSolutionNode = FALSE
	EndGlobalSection
	GlobalSection(ExtensibilityGlobals) = postSolution
		SolutionGuid = {77A6BFAD-673C-43A7-B54B-16A86DEF5AF9}
	EndGlobalSection
EndGlobal
